// !$*UTF8*$!
{
	archiveVersion = 1;
	classes = {
	};
	objectVersion = 51;
	objects = {

/* Begin PBXBuildFile section */
		250DED452521AB9100BDE543 /* RemindersView.swift in Sources */ = {isa = PBXBuildFile; fileRef = 250DED442521AB9100BDE543 /* RemindersView.swift */; };
		253CA87F251E349700838BAE /* RemindersViewController.swift in Sources */ = {isa = PBXBuildFile; fileRef = 253CA87E251E349700838BAE /* RemindersViewController.swift */; };
		253CA8842521973B00838BAE /* User.swift in Sources */ = {isa = PBXBuildFile; fileRef = 253CA8832521973B00838BAE /* User.swift */; };
		253CA88925219E7E00838BAE /* ReminderItem.swift in Sources */ = {isa = PBXBuildFile; fileRef = 253CA88825219E7E00838BAE /* ReminderItem.swift */; };
		25558FD1253ABB28006642AF /* ReminderTypeTableViewCell.swift in Sources */ = {isa = PBXBuildFile; fileRef = 25558FD0253ABB28006642AF /* ReminderTypeTableViewCell.swift */; };
		25559014254BDF07006642AF /* IntervalStartDateTableViewCell.swift in Sources */ = {isa = PBXBuildFile; fileRef = 25559013254BDF07006642AF /* IntervalStartDateTableViewCell.swift */; };
		25559019255278B1006642AF /* IntervalTimeTableViewCell.swift in Sources */ = {isa = PBXBuildFile; fileRef = 25559018255278B1006642AF /* IntervalTimeTableViewCell.swift */; };
		2577787B2521B9EE00A74FA7 /* RemindersTableViewCell.swift in Sources */ = {isa = PBXBuildFile; fileRef = 2577787A2521B9EE00A74FA7 /* RemindersTableViewCell.swift */; };
		257778D7252C45AB00A74FA7 /* DateComponents.swift in Sources */ = {isa = PBXBuildFile; fileRef = 257778D6252C45AB00A74FA7 /* DateComponents.swift */; };
		257778DC252ECC7500A74FA7 /* UIView_Constraints.swift in Sources */ = {isa = PBXBuildFile; fileRef = 257778DB252ECC7500A74FA7 /* UIView_Constraints.swift */; };
		257778EC2536BB1400A74FA7 /* AddReminderAlertController.swift in Sources */ = {isa = PBXBuildFile; fileRef = 257778EB2536BB1400A74FA7 /* AddReminderAlertController.swift */; };
		257778F42536BB3C00A74FA7 /* AddReminderAlertView.swift in Sources */ = {isa = PBXBuildFile; fileRef = 257778F32536BB3C00A74FA7 /* AddReminderAlertView.swift */; };
		25777913253956D100A74FA7 /* NameOfReminderCell.swift in Sources */ = {isa = PBXBuildFile; fileRef = 25777912253956D100A74FA7 /* NameOfReminderCell.swift */; };
		25C9F197251D18390060DEF1 /* AppDelegate.swift in Sources */ = {isa = PBXBuildFile; fileRef = 25C9F196251D18390060DEF1 /* AppDelegate.swift */; };
		25C9F199251D18390060DEF1 /* SceneDelegate.swift in Sources */ = {isa = PBXBuildFile; fileRef = 25C9F198251D18390060DEF1 /* SceneDelegate.swift */; };
		25C9F19E251D18390060DEF1 /* Main.storyboard in Resources */ = {isa = PBXBuildFile; fileRef = 25C9F19C251D18390060DEF1 /* Main.storyboard */; };
		25C9F1A0251D183B0060DEF1 /* Assets.xcassets in Resources */ = {isa = PBXBuildFile; fileRef = 25C9F19F251D183B0060DEF1 /* Assets.xcassets */; };
		25C9F1A3251D183B0060DEF1 /* LaunchScreen.storyboard in Resources */ = {isa = PBXBuildFile; fileRef = 25C9F1A1251D183B0060DEF1 /* LaunchScreen.storyboard */; };
		25C9F1AE251D183B0060DEF1 /* RemindMeTests.swift in Sources */ = {isa = PBXBuildFile; fileRef = 25C9F1AD251D183B0060DEF1 /* RemindMeTests.swift */; };
		25C9F1B9251D183B0060DEF1 /* RemindMeUITests.swift in Sources */ = {isa = PBXBuildFile; fileRef = 25C9F1B8251D183B0060DEF1 /* RemindMeUITests.swift */; };
		25CA1B70256CDA7400F7154E /* GoogleService-Info.plist in Resources */ = {isa = PBXBuildFile; fileRef = 25CA1B6F256CDA7400F7154E /* GoogleService-Info.plist */; };
		25CA1B76256CE97800F7154E /* FirebaseAuthenticationService.swift in Sources */ = {isa = PBXBuildFile; fileRef = 25CA1B75256CE97800F7154E /* FirebaseAuthenticationService.swift */; };
		25CA1B7B256CEA0300F7154E /* FirebaseObserverService.swift in Sources */ = {isa = PBXBuildFile; fileRef = 25CA1B7A256CEA0300F7154E /* FirebaseObserverService.swift */; };
		25DDA84E257CA55800229FBD /* RemindersDataSource.swift in Sources */ = {isa = PBXBuildFile; fileRef = 25DDA84D257CA55800229FBD /* RemindersDataSource.swift */; };
		25DDA87A2580B58500229FBD /* SignInViewController.swift in Sources */ = {isa = PBXBuildFile; fileRef = 25DDA8792580B58500229FBD /* SignInViewController.swift */; };
		25DDA8812580B5BE00229FBD /* SignInView.swift in Sources */ = {isa = PBXBuildFile; fileRef = 25DDA8802580B5BE00229FBD /* SignInView.swift */; };
		5B807A3D9B1C042540AA2242 /* Pods_RemindMe.framework in Frameworks */ = {isa = PBXBuildFile; fileRef = B057C388EA0388AA7F76E0C7 /* Pods_RemindMe.framework */; };
		7E275F4BCA0FC576E5EBF45D /* Pods_RemindMe_RemindMeUITests.framework in Frameworks */ = {isa = PBXBuildFile; fileRef = 979782996A069BE85271E0B2 /* Pods_RemindMe_RemindMeUITests.framework */; };
		EAC682CE8E7A4FC7397C2936 /* Pods_RemindMeTests.framework in Frameworks */ = {isa = PBXBuildFile; fileRef = D0840C35C2478E5FC7814E85 /* Pods_RemindMeTests.framework */; };
/* End PBXBuildFile section */

/* Begin PBXContainerItemProxy section */
		25C9F1AA251D183B0060DEF1 /* PBXContainerItemProxy */ = {
			isa = PBXContainerItemProxy;
			containerPortal = 25C9F18B251D18390060DEF1 /* Project object */;
			proxyType = 1;
			remoteGlobalIDString = 25C9F192251D18390060DEF1;
			remoteInfo = RemindMe;
		};
		25C9F1B5251D183B0060DEF1 /* PBXContainerItemProxy */ = {
			isa = PBXContainerItemProxy;
			containerPortal = 25C9F18B251D18390060DEF1 /* Project object */;
			proxyType = 1;
			remoteGlobalIDString = 25C9F192251D18390060DEF1;
			remoteInfo = RemindMe;
		};
/* End PBXContainerItemProxy section */

/* Begin PBXFileReference section */
		2263A99B0288261DB9259007 /* Pods-RemindMeTests.release.xcconfig */ = {isa = PBXFileReference; includeInIndex = 1; lastKnownFileType = text.xcconfig; name = "Pods-RemindMeTests.release.xcconfig"; path = "Target Support Files/Pods-RemindMeTests/Pods-RemindMeTests.release.xcconfig"; sourceTree = "<group>"; };
		250DED442521AB9100BDE543 /* RemindersView.swift */ = {isa = PBXFileReference; lastKnownFileType = sourcecode.swift; path = RemindersView.swift; sourceTree = "<group>"; };
		253CA87E251E349700838BAE /* RemindersViewController.swift */ = {isa = PBXFileReference; lastKnownFileType = sourcecode.swift; path = RemindersViewController.swift; sourceTree = "<group>"; };
		253CA8832521973B00838BAE /* User.swift */ = {isa = PBXFileReference; lastKnownFileType = sourcecode.swift; path = User.swift; sourceTree = "<group>"; };
		253CA88825219E7E00838BAE /* ReminderItem.swift */ = {isa = PBXFileReference; lastKnownFileType = sourcecode.swift; path = ReminderItem.swift; sourceTree = "<group>"; };
		25558FD0253ABB28006642AF /* ReminderTypeTableViewCell.swift */ = {isa = PBXFileReference; lastKnownFileType = sourcecode.swift; path = ReminderTypeTableViewCell.swift; sourceTree = "<group>"; };
		25559013254BDF07006642AF /* IntervalStartDateTableViewCell.swift */ = {isa = PBXFileReference; lastKnownFileType = sourcecode.swift; path = IntervalStartDateTableViewCell.swift; sourceTree = "<group>"; };
		25559018255278B1006642AF /* IntervalTimeTableViewCell.swift */ = {isa = PBXFileReference; lastKnownFileType = sourcecode.swift; path = IntervalTimeTableViewCell.swift; sourceTree = "<group>"; };
		2577787A2521B9EE00A74FA7 /* RemindersTableViewCell.swift */ = {isa = PBXFileReference; lastKnownFileType = sourcecode.swift; path = RemindersTableViewCell.swift; sourceTree = "<group>"; };
		257778D6252C45AB00A74FA7 /* DateComponents.swift */ = {isa = PBXFileReference; lastKnownFileType = sourcecode.swift; path = DateComponents.swift; sourceTree = "<group>"; };
		257778DB252ECC7500A74FA7 /* UIView_Constraints.swift */ = {isa = PBXFileReference; lastKnownFileType = sourcecode.swift; path = UIView_Constraints.swift; sourceTree = "<group>"; };
		257778EB2536BB1400A74FA7 /* AddReminderAlertController.swift */ = {isa = PBXFileReference; lastKnownFileType = sourcecode.swift; path = AddReminderAlertController.swift; sourceTree = "<group>"; };
		257778F32536BB3C00A74FA7 /* AddReminderAlertView.swift */ = {isa = PBXFileReference; lastKnownFileType = sourcecode.swift; path = AddReminderAlertView.swift; sourceTree = "<group>"; };
		25777912253956D100A74FA7 /* NameOfReminderCell.swift */ = {isa = PBXFileReference; lastKnownFileType = sourcecode.swift; path = NameOfReminderCell.swift; sourceTree = "<group>"; };
		25C9F193251D18390060DEF1 /* RemindMe.app */ = {isa = PBXFileReference; explicitFileType = wrapper.application; includeInIndex = 0; path = RemindMe.app; sourceTree = BUILT_PRODUCTS_DIR; };
		25C9F196251D18390060DEF1 /* AppDelegate.swift */ = {isa = PBXFileReference; lastKnownFileType = sourcecode.swift; path = AppDelegate.swift; sourceTree = "<group>"; };
		25C9F198251D18390060DEF1 /* SceneDelegate.swift */ = {isa = PBXFileReference; lastKnownFileType = sourcecode.swift; path = SceneDelegate.swift; sourceTree = "<group>"; };
		25C9F19D251D18390060DEF1 /* Base */ = {isa = PBXFileReference; lastKnownFileType = file.storyboard; name = Base; path = Base.lproj/Main.storyboard; sourceTree = "<group>"; };
		25C9F19F251D183B0060DEF1 /* Assets.xcassets */ = {isa = PBXFileReference; lastKnownFileType = folder.assetcatalog; path = Assets.xcassets; sourceTree = "<group>"; };
		25C9F1A2251D183B0060DEF1 /* Base */ = {isa = PBXFileReference; lastKnownFileType = file.storyboard; name = Base; path = Base.lproj/LaunchScreen.storyboard; sourceTree = "<group>"; };
		25C9F1A4251D183B0060DEF1 /* Info.plist */ = {isa = PBXFileReference; lastKnownFileType = text.plist.xml; path = Info.plist; sourceTree = "<group>"; };
		25C9F1A9251D183B0060DEF1 /* RemindMeTests.xctest */ = {isa = PBXFileReference; explicitFileType = wrapper.cfbundle; includeInIndex = 0; path = RemindMeTests.xctest; sourceTree = BUILT_PRODUCTS_DIR; };
		25C9F1AD251D183B0060DEF1 /* RemindMeTests.swift */ = {isa = PBXFileReference; lastKnownFileType = sourcecode.swift; path = RemindMeTests.swift; sourceTree = "<group>"; };
		25C9F1AF251D183B0060DEF1 /* Info.plist */ = {isa = PBXFileReference; lastKnownFileType = text.plist.xml; path = Info.plist; sourceTree = "<group>"; };
		25C9F1B4251D183B0060DEF1 /* RemindMeUITests.xctest */ = {isa = PBXFileReference; explicitFileType = wrapper.cfbundle; includeInIndex = 0; path = RemindMeUITests.xctest; sourceTree = BUILT_PRODUCTS_DIR; };
		25C9F1B8251D183B0060DEF1 /* RemindMeUITests.swift */ = {isa = PBXFileReference; lastKnownFileType = sourcecode.swift; path = RemindMeUITests.swift; sourceTree = "<group>"; };
		25C9F1BA251D183B0060DEF1 /* Info.plist */ = {isa = PBXFileReference; lastKnownFileType = text.plist.xml; path = Info.plist; sourceTree = "<group>"; };
		25CA1B6F256CDA7400F7154E /* GoogleService-Info.plist */ = {isa = PBXFileReference; fileEncoding = 4; lastKnownFileType = text.plist.xml; path = "GoogleService-Info.plist"; sourceTree = "<group>"; };
		25CA1B75256CE97800F7154E /* FirebaseAuthenticationService.swift */ = {isa = PBXFileReference; lastKnownFileType = sourcecode.swift; path = FirebaseAuthenticationService.swift; sourceTree = "<group>"; };
		25CA1B7A256CEA0300F7154E /* FirebaseObserverService.swift */ = {isa = PBXFileReference; lastKnownFileType = sourcecode.swift; path = FirebaseObserverService.swift; sourceTree = "<group>"; };
		25DDA84D257CA55800229FBD /* RemindersDataSource.swift */ = {isa = PBXFileReference; lastKnownFileType = sourcecode.swift; path = RemindersDataSource.swift; sourceTree = "<group>"; };
		25DDA8792580B58500229FBD /* SignInViewController.swift */ = {isa = PBXFileReference; lastKnownFileType = sourcecode.swift; path = SignInViewController.swift; sourceTree = "<group>"; };
		25DDA8802580B5BE00229FBD /* SignInView.swift */ = {isa = PBXFileReference; lastKnownFileType = sourcecode.swift; path = SignInView.swift; sourceTree = "<group>"; };
		6352D85077D7407EF1E26E52 /* Pods-RemindMeTests.debug.xcconfig */ = {isa = PBXFileReference; includeInIndex = 1; lastKnownFileType = text.xcconfig; name = "Pods-RemindMeTests.debug.xcconfig"; path = "Target Support Files/Pods-RemindMeTests/Pods-RemindMeTests.debug.xcconfig"; sourceTree = "<group>"; };
		979782996A069BE85271E0B2 /* Pods_RemindMe_RemindMeUITests.framework */ = {isa = PBXFileReference; explicitFileType = wrapper.framework; includeInIndex = 0; path = Pods_RemindMe_RemindMeUITests.framework; sourceTree = BUILT_PRODUCTS_DIR; };
		AA3EE3E2E15EFE763AA88ECF /* Pods-RemindMe-RemindMeUITests.debug.xcconfig */ = {isa = PBXFileReference; includeInIndex = 1; lastKnownFileType = text.xcconfig; name = "Pods-RemindMe-RemindMeUITests.debug.xcconfig"; path = "Target Support Files/Pods-RemindMe-RemindMeUITests/Pods-RemindMe-RemindMeUITests.debug.xcconfig"; sourceTree = "<group>"; };
		B057C388EA0388AA7F76E0C7 /* Pods_RemindMe.framework */ = {isa = PBXFileReference; explicitFileType = wrapper.framework; includeInIndex = 0; path = Pods_RemindMe.framework; sourceTree = BUILT_PRODUCTS_DIR; };
		B15D08883F97D804E716EDB8 /* Pods-RemindMe.debug.xcconfig */ = {isa = PBXFileReference; includeInIndex = 1; lastKnownFileType = text.xcconfig; name = "Pods-RemindMe.debug.xcconfig"; path = "Target Support Files/Pods-RemindMe/Pods-RemindMe.debug.xcconfig"; sourceTree = "<group>"; };
		D0840C35C2478E5FC7814E85 /* Pods_RemindMeTests.framework */ = {isa = PBXFileReference; explicitFileType = wrapper.framework; includeInIndex = 0; path = Pods_RemindMeTests.framework; sourceTree = BUILT_PRODUCTS_DIR; };
		EFBAC0B2B91C20664F4BAD80 /* Pods-RemindMe.release.xcconfig */ = {isa = PBXFileReference; includeInIndex = 1; lastKnownFileType = text.xcconfig; name = "Pods-RemindMe.release.xcconfig"; path = "Target Support Files/Pods-RemindMe/Pods-RemindMe.release.xcconfig"; sourceTree = "<group>"; };
		F598D64522911E5D353FD405 /* Pods-RemindMe-RemindMeUITests.release.xcconfig */ = {isa = PBXFileReference; includeInIndex = 1; lastKnownFileType = text.xcconfig; name = "Pods-RemindMe-RemindMeUITests.release.xcconfig"; path = "Target Support Files/Pods-RemindMe-RemindMeUITests/Pods-RemindMe-RemindMeUITests.release.xcconfig"; sourceTree = "<group>"; };
/* End PBXFileReference section */

/* Begin PBXFrameworksBuildPhase section */
		25C9F190251D18390060DEF1 /* Frameworks */ = {
			isa = PBXFrameworksBuildPhase;
			buildActionMask = 2147483647;
			files = (
				5B807A3D9B1C042540AA2242 /* Pods_RemindMe.framework in Frameworks */,
			);
			runOnlyForDeploymentPostprocessing = 0;
		};
		25C9F1A6251D183B0060DEF1 /* Frameworks */ = {
			isa = PBXFrameworksBuildPhase;
			buildActionMask = 2147483647;
			files = (
				EAC682CE8E7A4FC7397C2936 /* Pods_RemindMeTests.framework in Frameworks */,
			);
			runOnlyForDeploymentPostprocessing = 0;
		};
		25C9F1B1251D183B0060DEF1 /* Frameworks */ = {
			isa = PBXFrameworksBuildPhase;
			buildActionMask = 2147483647;
			files = (
				7E275F4BCA0FC576E5EBF45D /* Pods_RemindMe_RemindMeUITests.framework in Frameworks */,
			);
			runOnlyForDeploymentPostprocessing = 0;
		};
/* End PBXFrameworksBuildPhase section */

/* Begin PBXGroup section */
		16AF6288CDAE9ED15E013707 /* Pods */ = {
			isa = PBXGroup;
			children = (
				B15D08883F97D804E716EDB8 /* Pods-RemindMe.debug.xcconfig */,
				EFBAC0B2B91C20664F4BAD80 /* Pods-RemindMe.release.xcconfig */,
				AA3EE3E2E15EFE763AA88ECF /* Pods-RemindMe-RemindMeUITests.debug.xcconfig */,
				F598D64522911E5D353FD405 /* Pods-RemindMe-RemindMeUITests.release.xcconfig */,
				6352D85077D7407EF1E26E52 /* Pods-RemindMeTests.debug.xcconfig */,
				2263A99B0288261DB9259007 /* Pods-RemindMeTests.release.xcconfig */,
			);
			path = Pods;
			sourceTree = "<group>";
		};
		25077E48251E2D250059F13E /* Models */ = {
			isa = PBXGroup;
			children = (
				253CA8832521973B00838BAE /* User.swift */,
				253CA88825219E7E00838BAE /* ReminderItem.swift */,
				25DDA84D257CA55800229FBD /* RemindersDataSource.swift */,
			);
			path = Models;
			sourceTree = "<group>";
		};
		25077E49251E2D2D0059F13E /* Controllers */ = {
			isa = PBXGroup;
			children = (
				253CA87E251E349700838BAE /* RemindersViewController.swift */,
			);
			path = Controllers;
			sourceTree = "<group>";
		};
		250DED432521AB6C00BDE543 /* Views */ = {
			isa = PBXGroup;
			children = (
				250DED442521AB9100BDE543 /* RemindersView.swift */,
				2577787A2521B9EE00A74FA7 /* RemindersTableViewCell.swift */,
			);
			path = Views;
			sourceTree = "<group>";
		};
		257778D5252C459800A74FA7 /* Extensions */ = {
			isa = PBXGroup;
			children = (
				257778D6252C45AB00A74FA7 /* DateComponents.swift */,
				257778DB252ECC7500A74FA7 /* UIView_Constraints.swift */,
			);
			path = Extensions;
			sourceTree = "<group>";
		};
		257778E02536B20A00A74FA7 /* Scenes */ = {
			isa = PBXGroup;
			children = (
				25DDA8782580B55600229FBD /* SignIn_SignUp */,
				257778E12536B21C00A74FA7 /* Home */,
				257778E82536B9CE00A74FA7 /* AddReminderAlert */,
			);
			path = Scenes;
			sourceTree = "<group>";
		};
		257778E12536B21C00A74FA7 /* Home */ = {
			isa = PBXGroup;
			children = (
				25077E48251E2D250059F13E /* Models */,
				250DED432521AB6C00BDE543 /* Views */,
				25077E49251E2D2D0059F13E /* Controllers */,
				25CA1B74256CE94900F7154E /* Services */,
			);
			path = Home;
			sourceTree = "<group>";
		};
		257778E82536B9CE00A74FA7 /* AddReminderAlert */ = {
			isa = PBXGroup;
			children = (
				257778E92536BA3100A74FA7 /* Views */,
				257778EA2536BA3700A74FA7 /* Controllers */,
			);
			path = AddReminderAlert;
			sourceTree = "<group>";
		};
		257778E92536BA3100A74FA7 /* Views */ = {
			isa = PBXGroup;
			children = (
				257778F32536BB3C00A74FA7 /* AddReminderAlertView.swift */,
				25777912253956D100A74FA7 /* NameOfReminderCell.swift */,
				25558FD0253ABB28006642AF /* ReminderTypeTableViewCell.swift */,
				25559013254BDF07006642AF /* IntervalStartDateTableViewCell.swift */,
				25559018255278B1006642AF /* IntervalTimeTableViewCell.swift */,
			);
			path = Views;
			sourceTree = "<group>";
		};
		257778EA2536BA3700A74FA7 /* Controllers */ = {
			isa = PBXGroup;
			children = (
				257778EB2536BB1400A74FA7 /* AddReminderAlertController.swift */,
			);
			path = Controllers;
			sourceTree = "<group>";
		};
		25C9F18A251D18390060DEF1 = {
			isa = PBXGroup;
			children = (
				25C9F195251D18390060DEF1 /* RemindMe */,
				25C9F1AC251D183B0060DEF1 /* RemindMeTests */,
				25C9F1B7251D183B0060DEF1 /* RemindMeUITests */,
				25C9F194251D18390060DEF1 /* Products */,
				16AF6288CDAE9ED15E013707 /* Pods */,
				A5B2947688366C10ED83DE01 /* Frameworks */,
			);
			sourceTree = "<group>";
		};
		25C9F194251D18390060DEF1 /* Products */ = {
			isa = PBXGroup;
			children = (
				25C9F193251D18390060DEF1 /* RemindMe.app */,
				25C9F1A9251D183B0060DEF1 /* RemindMeTests.xctest */,
				25C9F1B4251D183B0060DEF1 /* RemindMeUITests.xctest */,
			);
			name = Products;
			sourceTree = "<group>";
		};
		25C9F195251D18390060DEF1 /* RemindMe */ = {
			isa = PBXGroup;
			children = (
				257778D5252C459800A74FA7 /* Extensions */,
				257778E02536B20A00A74FA7 /* Scenes */,
				25C9F196251D18390060DEF1 /* AppDelegate.swift */,
				25C9F198251D18390060DEF1 /* SceneDelegate.swift */,
				25C9F19C251D18390060DEF1 /* Main.storyboard */,
				25C9F19F251D183B0060DEF1 /* Assets.xcassets */,
				25C9F1A1251D183B0060DEF1 /* LaunchScreen.storyboard */,
				25C9F1A4251D183B0060DEF1 /* Info.plist */,
				25CA1B6F256CDA7400F7154E /* GoogleService-Info.plist */,
			);
			path = RemindMe;
			sourceTree = "<group>";
		};
		25C9F1AC251D183B0060DEF1 /* RemindMeTests */ = {
			isa = PBXGroup;
			children = (
				25C9F1AD251D183B0060DEF1 /* RemindMeTests.swift */,
				25C9F1AF251D183B0060DEF1 /* Info.plist */,
			);
			path = RemindMeTests;
			sourceTree = "<group>";
		};
		25C9F1B7251D183B0060DEF1 /* RemindMeUITests */ = {
			isa = PBXGroup;
			children = (
				25C9F1B8251D183B0060DEF1 /* RemindMeUITests.swift */,
				25C9F1BA251D183B0060DEF1 /* Info.plist */,
			);
			path = RemindMeUITests;
			sourceTree = "<group>";
		};
		25CA1B74256CE94900F7154E /* Services */ = {
			isa = PBXGroup;
			children = (
				25CA1B75256CE97800F7154E /* FirebaseAuthenticationService.swift */,
				25CA1B7A256CEA0300F7154E /* FirebaseObserverService.swift */,
			);
			path = Services;
			sourceTree = "<group>";
		};
		25DDA8782580B55600229FBD /* SignIn_SignUp */ = {
			isa = PBXGroup;
			children = (
				25DDA87F2580B59200229FBD /* Views */,
				25DDA87E2580B58A00229FBD /* Controllers */,
			);
			path = SignIn_SignUp;
			sourceTree = "<group>";
		};
		25DDA87E2580B58A00229FBD /* Controllers */ = {
			isa = PBXGroup;
			children = (
				25DDA8792580B58500229FBD /* SignInViewController.swift */,
			);
			path = Controllers;
			sourceTree = "<group>";
		};
		25DDA87F2580B59200229FBD /* Views */ = {
			isa = PBXGroup;
			children = (
				25DDA8802580B5BE00229FBD /* SignInView.swift */,
			);
			path = Views;
			sourceTree = "<group>";
		};
		A5B2947688366C10ED83DE01 /* Frameworks */ = {
			isa = PBXGroup;
			children = (
				B057C388EA0388AA7F76E0C7 /* Pods_RemindMe.framework */,
				979782996A069BE85271E0B2 /* Pods_RemindMe_RemindMeUITests.framework */,
				D0840C35C2478E5FC7814E85 /* Pods_RemindMeTests.framework */,
			);
			name = Frameworks;
			sourceTree = "<group>";
		};
/* End PBXGroup section */

/* Begin PBXNativeTarget section */
		25C9F192251D18390060DEF1 /* RemindMe */ = {
			isa = PBXNativeTarget;
			buildConfigurationList = 25C9F1BD251D183B0060DEF1 /* Build configuration list for PBXNativeTarget "RemindMe" */;
			buildPhases = (
				87941FB9A93F6FD5570E6134 /* [CP] Check Pods Manifest.lock */,
				25C9F18F251D18390060DEF1 /* Sources */,
				25C9F190251D18390060DEF1 /* Frameworks */,
				25C9F191251D18390060DEF1 /* Resources */,
				8448F760B879397332CC3BC1 /* [CP] Embed Pods Frameworks */,
			);
			buildRules = (
			);
			dependencies = (
			);
			name = RemindMe;
			productName = RemindMe;
			productReference = 25C9F193251D18390060DEF1 /* RemindMe.app */;
			productType = "com.apple.product-type.application";
		};
		25C9F1A8251D183B0060DEF1 /* RemindMeTests */ = {
			isa = PBXNativeTarget;
			buildConfigurationList = 25C9F1C0251D183B0060DEF1 /* Build configuration list for PBXNativeTarget "RemindMeTests" */;
			buildPhases = (
				F808934724CA554791C3F603 /* [CP] Check Pods Manifest.lock */,
				25C9F1A5251D183B0060DEF1 /* Sources */,
				25C9F1A6251D183B0060DEF1 /* Frameworks */,
				25C9F1A7251D183B0060DEF1 /* Resources */,
			);
			buildRules = (
			);
			dependencies = (
				25C9F1AB251D183B0060DEF1 /* PBXTargetDependency */,
			);
			name = RemindMeTests;
			productName = RemindMeTests;
			productReference = 25C9F1A9251D183B0060DEF1 /* RemindMeTests.xctest */;
			productType = "com.apple.product-type.bundle.unit-test";
		};
		25C9F1B3251D183B0060DEF1 /* RemindMeUITests */ = {
			isa = PBXNativeTarget;
			buildConfigurationList = 25C9F1C3251D183B0060DEF1 /* Build configuration list for PBXNativeTarget "RemindMeUITests" */;
			buildPhases = (
				B9305D4DDF03CB994DC655B8 /* [CP] Check Pods Manifest.lock */,
				25C9F1B0251D183B0060DEF1 /* Sources */,
				25C9F1B1251D183B0060DEF1 /* Frameworks */,
				25C9F1B2251D183B0060DEF1 /* Resources */,
				393C939067CBD68F5A622020 /* [CP] Embed Pods Frameworks */,
			);
			buildRules = (
			);
			dependencies = (
				25C9F1B6251D183B0060DEF1 /* PBXTargetDependency */,
			);
			name = RemindMeUITests;
			productName = RemindMeUITests;
			productReference = 25C9F1B4251D183B0060DEF1 /* RemindMeUITests.xctest */;
			productType = "com.apple.product-type.bundle.ui-testing";
		};
/* End PBXNativeTarget section */

/* Begin PBXProject section */
		25C9F18B251D18390060DEF1 /* Project object */ = {
			isa = PBXProject;
			attributes = {
				LastSwiftUpdateCheck = 1130;
				LastUpgradeCheck = 1200;
				ORGANIZATIONNAME = "Kevin Vu";
				TargetAttributes = {
					25C9F192251D18390060DEF1 = {
						CreatedOnToolsVersion = 11.3.1;
					};
					25C9F1A8251D183B0060DEF1 = {
						CreatedOnToolsVersion = 11.3.1;
						TestTargetID = 25C9F192251D18390060DEF1;
					};
					25C9F1B3251D183B0060DEF1 = {
						CreatedOnToolsVersion = 11.3.1;
						TestTargetID = 25C9F192251D18390060DEF1;
					};
				};
			};
			buildConfigurationList = 25C9F18E251D18390060DEF1 /* Build configuration list for PBXProject "RemindMe" */;
			compatibilityVersion = "Xcode 9.3";
			developmentRegion = en;
			hasScannedForEncodings = 0;
			knownRegions = (
				en,
				Base,
			);
			mainGroup = 25C9F18A251D18390060DEF1;
			productRefGroup = 25C9F194251D18390060DEF1 /* Products */;
			projectDirPath = "";
			projectRoot = "";
			targets = (
				25C9F192251D18390060DEF1 /* RemindMe */,
				25C9F1A8251D183B0060DEF1 /* RemindMeTests */,
				25C9F1B3251D183B0060DEF1 /* RemindMeUITests */,
			);
		};
/* End PBXProject section */

/* Begin PBXResourcesBuildPhase section */
		25C9F191251D18390060DEF1 /* Resources */ = {
			isa = PBXResourcesBuildPhase;
			buildActionMask = 2147483647;
			files = (
				25C9F1A3251D183B0060DEF1 /* LaunchScreen.storyboard in Resources */,
				25CA1B70256CDA7400F7154E /* GoogleService-Info.plist in Resources */,
				25C9F1A0251D183B0060DEF1 /* Assets.xcassets in Resources */,
				25C9F19E251D18390060DEF1 /* Main.storyboard in Resources */,
			);
			runOnlyForDeploymentPostprocessing = 0;
		};
		25C9F1A7251D183B0060DEF1 /* Resources */ = {
			isa = PBXResourcesBuildPhase;
			buildActionMask = 2147483647;
			files = (
			);
			runOnlyForDeploymentPostprocessing = 0;
		};
		25C9F1B2251D183B0060DEF1 /* Resources */ = {
			isa = PBXResourcesBuildPhase;
			buildActionMask = 2147483647;
			files = (
			);
			runOnlyForDeploymentPostprocessing = 0;
		};
/* End PBXResourcesBuildPhase section */

/* Begin PBXShellScriptBuildPhase section */
		393C939067CBD68F5A622020 /* [CP] Embed Pods Frameworks */ = {
			isa = PBXShellScriptBuildPhase;
			buildActionMask = 2147483647;
			files = (
			);
			inputFileListPaths = (
				"${PODS_ROOT}/Target Support Files/Pods-RemindMe-RemindMeUITests/Pods-RemindMe-RemindMeUITests-frameworks-${CONFIGURATION}-input-files.xcfilelist",
			);
			name = "[CP] Embed Pods Frameworks";
			outputFileListPaths = (
				"${PODS_ROOT}/Target Support Files/Pods-RemindMe-RemindMeUITests/Pods-RemindMe-RemindMeUITests-frameworks-${CONFIGURATION}-output-files.xcfilelist",
			);
			runOnlyForDeploymentPostprocessing = 0;
			shellPath = /bin/sh;
			shellScript = "\"${PODS_ROOT}/Target Support Files/Pods-RemindMe-RemindMeUITests/Pods-RemindMe-RemindMeUITests-frameworks.sh\"\n";
			showEnvVarsInLog = 0;
		};
		8448F760B879397332CC3BC1 /* [CP] Embed Pods Frameworks */ = {
			isa = PBXShellScriptBuildPhase;
			buildActionMask = 2147483647;
			files = (
			);
			inputFileListPaths = (
				"${PODS_ROOT}/Target Support Files/Pods-RemindMe/Pods-RemindMe-frameworks-${CONFIGURATION}-input-files.xcfilelist",
			);
			name = "[CP] Embed Pods Frameworks";
			outputFileListPaths = (
				"${PODS_ROOT}/Target Support Files/Pods-RemindMe/Pods-RemindMe-frameworks-${CONFIGURATION}-output-files.xcfilelist",
			);
			runOnlyForDeploymentPostprocessing = 0;
			shellPath = /bin/sh;
			shellScript = "\"${PODS_ROOT}/Target Support Files/Pods-RemindMe/Pods-RemindMe-frameworks.sh\"\n";
			showEnvVarsInLog = 0;
		};
		87941FB9A93F6FD5570E6134 /* [CP] Check Pods Manifest.lock */ = {
			isa = PBXShellScriptBuildPhase;
			buildActionMask = 2147483647;
			files = (
			);
			inputFileListPaths = (
			);
			inputPaths = (
				"${PODS_PODFILE_DIR_PATH}/Podfile.lock",
				"${PODS_ROOT}/Manifest.lock",
			);
			name = "[CP] Check Pods Manifest.lock";
			outputFileListPaths = (
			);
			outputPaths = (
				"$(DERIVED_FILE_DIR)/Pods-RemindMe-checkManifestLockResult.txt",
			);
			runOnlyForDeploymentPostprocessing = 0;
			shellPath = /bin/sh;
			shellScript = "diff \"${PODS_PODFILE_DIR_PATH}/Podfile.lock\" \"${PODS_ROOT}/Manifest.lock\" > /dev/null\nif [ $? != 0 ] ; then\n    # print error to STDERR\n    echo \"error: The sandbox is not in sync with the Podfile.lock. Run 'pod install' or update your CocoaPods installation.\" >&2\n    exit 1\nfi\n# This output is used by Xcode 'outputs' to avoid re-running this script phase.\necho \"SUCCESS\" > \"${SCRIPT_OUTPUT_FILE_0}\"\n";
			showEnvVarsInLog = 0;
		};
		B9305D4DDF03CB994DC655B8 /* [CP] Check Pods Manifest.lock */ = {
			isa = PBXShellScriptBuildPhase;
			buildActionMask = 2147483647;
			files = (
			);
			inputFileListPaths = (
			);
			inputPaths = (
				"${PODS_PODFILE_DIR_PATH}/Podfile.lock",
				"${PODS_ROOT}/Manifest.lock",
			);
			name = "[CP] Check Pods Manifest.lock";
			outputFileListPaths = (
			);
			outputPaths = (
				"$(DERIVED_FILE_DIR)/Pods-RemindMe-RemindMeUITests-checkManifestLockResult.txt",
			);
			runOnlyForDeploymentPostprocessing = 0;
			shellPath = /bin/sh;
			shellScript = "diff \"${PODS_PODFILE_DIR_PATH}/Podfile.lock\" \"${PODS_ROOT}/Manifest.lock\" > /dev/null\nif [ $? != 0 ] ; then\n    # print error to STDERR\n    echo \"error: The sandbox is not in sync with the Podfile.lock. Run 'pod install' or update your CocoaPods installation.\" >&2\n    exit 1\nfi\n# This output is used by Xcode 'outputs' to avoid re-running this script phase.\necho \"SUCCESS\" > \"${SCRIPT_OUTPUT_FILE_0}\"\n";
			showEnvVarsInLog = 0;
		};
		F808934724CA554791C3F603 /* [CP] Check Pods Manifest.lock */ = {
			isa = PBXShellScriptBuildPhase;
			buildActionMask = 2147483647;
			files = (
			);
			inputFileListPaths = (
			);
			inputPaths = (
				"${PODS_PODFILE_DIR_PATH}/Podfile.lock",
				"${PODS_ROOT}/Manifest.lock",
			);
			name = "[CP] Check Pods Manifest.lock";
			outputFileListPaths = (
			);
			outputPaths = (
				"$(DERIVED_FILE_DIR)/Pods-RemindMeTests-checkManifestLockResult.txt",
			);
			runOnlyForDeploymentPostprocessing = 0;
			shellPath = /bin/sh;
			shellScript = "diff \"${PODS_PODFILE_DIR_PATH}/Podfile.lock\" \"${PODS_ROOT}/Manifest.lock\" > /dev/null\nif [ $? != 0 ] ; then\n    # print error to STDERR\n    echo \"error: The sandbox is not in sync with the Podfile.lock. Run 'pod install' or update your CocoaPods installation.\" >&2\n    exit 1\nfi\n# This output is used by Xcode 'outputs' to avoid re-running this script phase.\necho \"SUCCESS\" > \"${SCRIPT_OUTPUT_FILE_0}\"\n";
			showEnvVarsInLog = 0;
		};
/* End PBXShellScriptBuildPhase section */

/* Begin PBXSourcesBuildPhase section */
		25C9F18F251D18390060DEF1 /* Sources */ = {
			isa = PBXSourcesBuildPhase;
			buildActionMask = 2147483647;
			files = (
				25DDA84E257CA55800229FBD /* RemindersDataSource.swift in Sources */,
				2577787B2521B9EE00A74FA7 /* RemindersTableViewCell.swift in Sources */,
				257778DC252ECC7500A74FA7 /* UIView_Constraints.swift in Sources */,
				257778F42536BB3C00A74FA7 /* AddReminderAlertView.swift in Sources */,
				253CA88925219E7E00838BAE /* ReminderItem.swift in Sources */,
				253CA8842521973B00838BAE /* User.swift in Sources */,
				25559014254BDF07006642AF /* IntervalStartDateTableViewCell.swift in Sources */,
				25559019255278B1006642AF /* IntervalTimeTableViewCell.swift in Sources */,
				25CA1B76256CE97800F7154E /* FirebaseAuthenticationService.swift in Sources */,
				25DDA87A2580B58500229FBD /* SignInViewController.swift in Sources */,
				257778D7252C45AB00A74FA7 /* DateComponents.swift in Sources */,
				25777913253956D100A74FA7 /* NameOfReminderCell.swift in Sources */,
				250DED452521AB9100BDE543 /* RemindersView.swift in Sources */,
				25CA1B7B256CEA0300F7154E /* FirebaseObserverService.swift in Sources */,
				25DDA8812580B5BE00229FBD /* SignInView.swift in Sources */,
				257778EC2536BB1400A74FA7 /* AddReminderAlertController.swift in Sources */,
				25C9F197251D18390060DEF1 /* AppDelegate.swift in Sources */,
				25C9F199251D18390060DEF1 /* SceneDelegate.swift in Sources */,
				25558FD1253ABB28006642AF /* ReminderTypeTableViewCell.swift in Sources */,
				253CA87F251E349700838BAE /* RemindersViewController.swift in Sources */,
			);
			runOnlyForDeploymentPostprocessing = 0;
		};
		25C9F1A5251D183B0060DEF1 /* Sources */ = {
			isa = PBXSourcesBuildPhase;
			buildActionMask = 2147483647;
			files = (
				25C9F1AE251D183B0060DEF1 /* RemindMeTests.swift in Sources */,
			);
			runOnlyForDeploymentPostprocessing = 0;
		};
		25C9F1B0251D183B0060DEF1 /* Sources */ = {
			isa = PBXSourcesBuildPhase;
			buildActionMask = 2147483647;
			files = (
				25C9F1B9251D183B0060DEF1 /* RemindMeUITests.swift in Sources */,
			);
			runOnlyForDeploymentPostprocessing = 0;
		};
/* End PBXSourcesBuildPhase section */

/* Begin PBXTargetDependency section */
		25C9F1AB251D183B0060DEF1 /* PBXTargetDependency */ = {
			isa = PBXTargetDependency;
			target = 25C9F192251D18390060DEF1 /* RemindMe */;
			targetProxy = 25C9F1AA251D183B0060DEF1 /* PBXContainerItemProxy */;
		};
		25C9F1B6251D183B0060DEF1 /* PBXTargetDependency */ = {
			isa = PBXTargetDependency;
			target = 25C9F192251D18390060DEF1 /* RemindMe */;
			targetProxy = 25C9F1B5251D183B0060DEF1 /* PBXContainerItemProxy */;
		};
/* End PBXTargetDependency section */

/* Begin PBXVariantGroup section */
		25C9F19C251D18390060DEF1 /* Main.storyboard */ = {
			isa = PBXVariantGroup;
			children = (
				25C9F19D251D18390060DEF1 /* Base */,
			);
			name = Main.storyboard;
			sourceTree = "<group>";
		};
		25C9F1A1251D183B0060DEF1 /* LaunchScreen.storyboard */ = {
			isa = PBXVariantGroup;
			children = (
				25C9F1A2251D183B0060DEF1 /* Base */,
			);
			name = LaunchScreen.storyboard;
			sourceTree = "<group>";
		};
/* End PBXVariantGroup section */

/* Begin XCBuildConfiguration section */
		25C9F1BB251D183B0060DEF1 /* Debug */ = {
			isa = XCBuildConfiguration;
			buildSettings = {
				ALWAYS_SEARCH_USER_PATHS = NO;
				CLANG_ANALYZER_NONNULL = YES;
				CLANG_ANALYZER_NUMBER_OBJECT_CONVERSION = YES_AGGRESSIVE;
				CLANG_CXX_LANGUAGE_STANDARD = "gnu++14";
				CLANG_CXX_LIBRARY = "libc++";
				CLANG_ENABLE_MODULES = YES;
				CLANG_ENABLE_OBJC_ARC = YES;
				CLANG_ENABLE_OBJC_WEAK = YES;
				CLANG_WARN_BLOCK_CAPTURE_AUTORELEASING = YES;
				CLANG_WARN_BOOL_CONVERSION = YES;
				CLANG_WARN_COMMA = YES;
				CLANG_WARN_CONSTANT_CONVERSION = YES;
				CLANG_WARN_DEPRECATED_OBJC_IMPLEMENTATIONS = YES;
				CLANG_WARN_DIRECT_OBJC_ISA_USAGE = YES_ERROR;
				CLANG_WARN_DOCUMENTATION_COMMENTS = YES;
				CLANG_WARN_EMPTY_BODY = YES;
				CLANG_WARN_ENUM_CONVERSION = YES;
				CLANG_WARN_INFINITE_RECURSION = YES;
				CLANG_WARN_INT_CONVERSION = YES;
				CLANG_WARN_NON_LITERAL_NULL_CONVERSION = YES;
				CLANG_WARN_OBJC_IMPLICIT_RETAIN_SELF = YES;
				CLANG_WARN_OBJC_LITERAL_CONVERSION = YES;
				CLANG_WARN_OBJC_ROOT_CLASS = YES_ERROR;
				CLANG_WARN_QUOTED_INCLUDE_IN_FRAMEWORK_HEADER = YES;
				CLANG_WARN_RANGE_LOOP_ANALYSIS = YES;
				CLANG_WARN_STRICT_PROTOTYPES = YES;
				CLANG_WARN_SUSPICIOUS_MOVE = YES;
				CLANG_WARN_UNGUARDED_AVAILABILITY = YES_AGGRESSIVE;
				CLANG_WARN_UNREACHABLE_CODE = YES;
				CLANG_WARN__DUPLICATE_METHOD_MATCH = YES;
				COPY_PHASE_STRIP = NO;
				DEBUG_INFORMATION_FORMAT = dwarf;
				ENABLE_STRICT_OBJC_MSGSEND = YES;
				ENABLE_TESTABILITY = YES;
				GCC_C_LANGUAGE_STANDARD = gnu11;
				GCC_DYNAMIC_NO_PIC = NO;
				GCC_NO_COMMON_BLOCKS = YES;
				GCC_OPTIMIZATION_LEVEL = 0;
				GCC_PREPROCESSOR_DEFINITIONS = (
					"DEBUG=1",
					"$(inherited)",
				);
				GCC_WARN_64_TO_32_BIT_CONVERSION = YES;
				GCC_WARN_ABOUT_RETURN_TYPE = YES_ERROR;
				GCC_WARN_UNDECLARED_SELECTOR = YES;
				GCC_WARN_UNINITIALIZED_AUTOS = YES_AGGRESSIVE;
				GCC_WARN_UNUSED_FUNCTION = YES;
				GCC_WARN_UNUSED_VARIABLE = YES;
				IPHONEOS_DEPLOYMENT_TARGET = 13.2;
				MTL_ENABLE_DEBUG_INFO = INCLUDE_SOURCE;
				MTL_FAST_MATH = YES;
				ONLY_ACTIVE_ARCH = YES;
				SDKROOT = iphoneos;
				SWIFT_ACTIVE_COMPILATION_CONDITIONS = DEBUG;
				SWIFT_OPTIMIZATION_LEVEL = "-Onone";
			};
			name = Debug;
		};
		25C9F1BC251D183B0060DEF1 /* Release */ = {
			isa = XCBuildConfiguration;
			buildSettings = {
				ALWAYS_SEARCH_USER_PATHS = NO;
				CLANG_ANALYZER_NONNULL = YES;
				CLANG_ANALYZER_NUMBER_OBJECT_CONVERSION = YES_AGGRESSIVE;
				CLANG_CXX_LANGUAGE_STANDARD = "gnu++14";
				CLANG_CXX_LIBRARY = "libc++";
				CLANG_ENABLE_MODULES = YES;
				CLANG_ENABLE_OBJC_ARC = YES;
				CLANG_ENABLE_OBJC_WEAK = YES;
				CLANG_WARN_BLOCK_CAPTURE_AUTORELEASING = YES;
				CLANG_WARN_BOOL_CONVERSION = YES;
				CLANG_WARN_COMMA = YES;
				CLANG_WARN_CONSTANT_CONVERSION = YES;
				CLANG_WARN_DEPRECATED_OBJC_IMPLEMENTATIONS = YES;
				CLANG_WARN_DIRECT_OBJC_ISA_USAGE = YES_ERROR;
				CLANG_WARN_DOCUMENTATION_COMMENTS = YES;
				CLANG_WARN_EMPTY_BODY = YES;
				CLANG_WARN_ENUM_CONVERSION = YES;
				CLANG_WARN_INFINITE_RECURSION = YES;
				CLANG_WARN_INT_CONVERSION = YES;
				CLANG_WARN_NON_LITERAL_NULL_CONVERSION = YES;
				CLANG_WARN_OBJC_IMPLICIT_RETAIN_SELF = YES;
				CLANG_WARN_OBJC_LITERAL_CONVERSION = YES;
				CLANG_WARN_OBJC_ROOT_CLASS = YES_ERROR;
				CLANG_WARN_QUOTED_INCLUDE_IN_FRAMEWORK_HEADER = YES;
				CLANG_WARN_RANGE_LOOP_ANALYSIS = YES;
				CLANG_WARN_STRICT_PROTOTYPES = YES;
				CLANG_WARN_SUSPICIOUS_MOVE = YES;
				CLANG_WARN_UNGUARDED_AVAILABILITY = YES_AGGRESSIVE;
				CLANG_WARN_UNREACHABLE_CODE = YES;
				CLANG_WARN__DUPLICATE_METHOD_MATCH = YES;
				COPY_PHASE_STRIP = NO;
				DEBUG_INFORMATION_FORMAT = "dwarf-with-dsym";
				ENABLE_NS_ASSERTIONS = NO;
				ENABLE_STRICT_OBJC_MSGSEND = YES;
				GCC_C_LANGUAGE_STANDARD = gnu11;
				GCC_NO_COMMON_BLOCKS = YES;
				GCC_WARN_64_TO_32_BIT_CONVERSION = YES;
				GCC_WARN_ABOUT_RETURN_TYPE = YES_ERROR;
				GCC_WARN_UNDECLARED_SELECTOR = YES;
				GCC_WARN_UNINITIALIZED_AUTOS = YES_AGGRESSIVE;
				GCC_WARN_UNUSED_FUNCTION = YES;
				GCC_WARN_UNUSED_VARIABLE = YES;
				IPHONEOS_DEPLOYMENT_TARGET = 13.2;
				MTL_ENABLE_DEBUG_INFO = NO;
				MTL_FAST_MATH = YES;
				SDKROOT = iphoneos;
				SWIFT_COMPILATION_MODE = wholemodule;
				SWIFT_OPTIMIZATION_LEVEL = "-O";
				VALIDATE_PRODUCT = YES;
			};
			name = Release;
		};
		25C9F1BE251D183B0060DEF1 /* Debug */ = {
			isa = XCBuildConfiguration;
			baseConfigurationReference = B15D08883F97D804E716EDB8 /* Pods-RemindMe.debug.xcconfig */;
			buildSettings = {
				ASSETCATALOG_COMPILER_APPICON_NAME = AppIcon;
				CODE_SIGN_STYLE = Automatic;
				DEVELOPMENT_TEAM = SR9JU2F547;
				INFOPLIST_FILE = RemindMe/Info.plist;
				IPHONEOS_DEPLOYMENT_TARGET = 14.0;
				LD_RUNPATH_SEARCH_PATHS = (
					"$(inherited)",
					"@executable_path/Frameworks",
				);
				PRODUCT_BUNDLE_IDENTIFIER = com.KV.RemindMe;
				PRODUCT_NAME = "$(TARGET_NAME)";
				SWIFT_VERSION = 5.0;
				TARGETED_DEVICE_FAMILY = 1;
			};
			name = Debug;
		};
		25C9F1BF251D183B0060DEF1 /* Release */ = {
			isa = XCBuildConfiguration;
			baseConfigurationReference = EFBAC0B2B91C20664F4BAD80 /* Pods-RemindMe.release.xcconfig */;
			buildSettings = {
				ASSETCATALOG_COMPILER_APPICON_NAME = AppIcon;
				CODE_SIGN_STYLE = Automatic;
				DEVELOPMENT_TEAM = SR9JU2F547;
				INFOPLIST_FILE = RemindMe/Info.plist;
				IPHONEOS_DEPLOYMENT_TARGET = 14.0;
				LD_RUNPATH_SEARCH_PATHS = (
					"$(inherited)",
					"@executable_path/Frameworks",
				);
				PRODUCT_BUNDLE_IDENTIFIER = com.KV.RemindMe;
				PRODUCT_NAME = "$(TARGET_NAME)";
				SWIFT_VERSION = 5.0;
				TARGETED_DEVICE_FAMILY = 1;
			};
			name = Release;
		};
		25C9F1C1251D183B0060DEF1 /* Debug */ = {
			isa = XCBuildConfiguration;
			baseConfigurationReference = 6352D85077D7407EF1E26E52 /* Pods-RemindMeTests.debug.xcconfig */;
			buildSettings = {
				ALWAYS_EMBED_SWIFT_STANDARD_LIBRARIES = YES;
				BUNDLE_LOADER = "$(TEST_HOST)";
				CODE_SIGN_STYLE = Automatic;
				DEVELOPMENT_TEAM = SR9JU2F547;
				INFOPLIST_FILE = RemindMeTests/Info.plist;
				IPHONEOS_DEPLOYMENT_TARGET = 13.2;
				LD_RUNPATH_SEARCH_PATHS = (
					"$(inherited)",
					"@executable_path/Frameworks",
					"@loader_path/Frameworks",
				);
				PRODUCT_BUNDLE_IDENTIFIER = com.KV.RemindMeTests;
				PRODUCT_NAME = "$(TARGET_NAME)";
				SWIFT_VERSION = 5.0;
				TARGETED_DEVICE_FAMILY = "1,2";
				TEST_HOST = "$(BUILT_PRODUCTS_DIR)/RemindMe.app/RemindMe";
			};
			name = Debug;
		};
		25C9F1C2251D183B0060DEF1 /* Release */ = {
			isa = XCBuildConfiguration;
			baseConfigurationReference = 2263A99B0288261DB9259007 /* Pods-RemindMeTests.release.xcconfig */;
			buildSettings = {
				ALWAYS_EMBED_SWIFT_STANDARD_LIBRARIES = YES;
				BUNDLE_LOADER = "$(TEST_HOST)";
				CODE_SIGN_STYLE = Automatic;
				DEVELOPMENT_TEAM = SR9JU2F547;
				INFOPLIST_FILE = RemindMeTests/Info.plist;
				IPHONEOS_DEPLOYMENT_TARGET = 13.2;
				LD_RUNPATH_SEARCH_PATHS = (
					"$(inherited)",
					"@executable_path/Frameworks",
					"@loader_path/Frameworks",
				);
				PRODUCT_BUNDLE_IDENTIFIER = com.KV.RemindMeTests;
				PRODUCT_NAME = "$(TARGET_NAME)";
				SWIFT_VERSION = 5.0;
				TARGETED_DEVICE_FAMILY = "1,2";
				TEST_HOST = "$(BUILT_PRODUCTS_DIR)/RemindMe.app/RemindMe";
			};
			name = Release;
		};
		25C9F1C4251D183B0060DEF1 /* Debug */ = {
			isa = XCBuildConfiguration;
			baseConfigurationReference = AA3EE3E2E15EFE763AA88ECF /* Pods-RemindMe-RemindMeUITests.debug.xcconfig */;
			buildSettings = {
				ALWAYS_EMBED_SWIFT_STANDARD_LIBRARIES = YES;
				CODE_SIGN_STYLE = Automatic;
				DEVELOPMENT_TEAM = SR9JU2F547;
				INFOPLIST_FILE = RemindMeUITests/Info.plist;
				LD_RUNPATH_SEARCH_PATHS = (
					"$(inherited)",
					"@executable_path/Frameworks",
					"@loader_path/Frameworks",
				);
				PRODUCT_BUNDLE_IDENTIFIER = com.KV.RemindMeUITests;
				PRODUCT_NAME = "$(TARGET_NAME)";
				SWIFT_VERSION = 5.0;
				TARGETED_DEVICE_FAMILY = "1,2";
				TEST_TARGET_NAME = RemindMe;
			};
			name = Debug;
		};
		25C9F1C5251D183B0060DEF1 /* Release */ = {
			isa = XCBuildConfiguration;
			baseConfigurationReference = F598D64522911E5D353FD405 /* Pods-RemindMe-RemindMeUITests.release.xcconfig */;
			buildSettings = {
				ALWAYS_EMBED_SWIFT_STANDARD_LIBRARIES = YES;
				CODE_SIGN_STYLE = Automatic;
				DEVELOPMENT_TEAM = SR9JU2F547;
				INFOPLIST_FILE = RemindMeUITests/Info.plist;
				LD_RUNPATH_SEARCH_PATHS = (
					"$(inherited)",
					"@executable_path/Frameworks",
					"@loader_path/Frameworks",
				);
				PRODUCT_BUNDLE_IDENTIFIER = com.KV.RemindMeUITests;
				PRODUCT_NAME = "$(TARGET_NAME)";
				SWIFT_VERSION = 5.0;
				TARGETED_DEVICE_FAMILY = "1,2";
				TEST_TARGET_NAME = RemindMe;
			};
			name = Release;
		};
/* End XCBuildConfiguration section */

/* Begin XCConfigurationList section */
		25C9F18E251D18390060DEF1 /* Build configuration list for PBXProject "RemindMe" */ = {
			isa = XCConfigurationList;
			buildConfigurations = (
				25C9F1BB251D183B0060DEF1 /* Debug */,
				25C9F1BC251D183B0060DEF1 /* Release */,
			);
			defaultConfigurationIsVisible = 0;
			defaultConfigurationName = Release;
		};
		25C9F1BD251D183B0060DEF1 /* Build configuration list for PBXNativeTarget "RemindMe" */ = {
			isa = XCConfigurationList;
			buildConfigurations = (
				25C9F1BE251D183B0060DEF1 /* Debug */,
				25C9F1BF251D183B0060DEF1 /* Release */,
			);
			defaultConfigurationIsVisible = 0;
			defaultConfigurationName = Release;
		};
		25C9F1C0251D183B0060DEF1 /* Build configuration list for PBXNativeTarget "RemindMeTests" */ = {
			isa = XCConfigurationList;
			buildConfigurations = (
				25C9F1C1251D183B0060DEF1 /* Debug */,
				25C9F1C2251D183B0060DEF1 /* Release */,
			);
			defaultConfigurationIsVisible = 0;
			defaultConfigurationName = Release;
		};
		25C9F1C3251D183B0060DEF1 /* Build configuration list for PBXNativeTarget "RemindMeUITests" */ = {
			isa = XCConfigurationList;
			buildConfigurations = (
				25C9F1C4251D183B0060DEF1 /* Debug */,
				25C9F1C5251D183B0060DEF1 /* Release */,
			);
			defaultConfigurationIsVisible = 0;
			defaultConfigurationName = Release;
		};
/* End XCConfigurationList section */
	};
	rootObject = 25C9F18B251D18390060DEF1 /* Project object */;
}
